PODS:
  - HJQCustomAlertView (0.0.4)
  - ZSWPodDemo (0.1.0)

DEPENDENCIES:
  - HJQCustomAlertView (~> 0.0.4)
  - ZSWPodDemo (from `../`)

EXTERNAL SOURCES:
  ZSWPodDemo:
    :path: "../"

SPEC CHECKSUMS:
  HJQCustomAlertView: c95de99f04df07dabd5fa4d144d23a08d9bee884
  ZSWPodDemo: be2148728bb4b6e598b42b2d345cd0d44a22a7d5

PODFILE CHECKSUM: f87164538c4eb1a5da2459fd9b1b865d315a371b

COCOAPODS: 1.1.1
